
Microsoft Visual Studio Solution File, Format Version 12.00
# Visual Studio Version 16
VisualStudioVersion = 16.0.29215.179
MinimumVisualStudioVersion = 10.0.40219.1
Project("{FAE04EC0-301F-11D3-BF4B-00C04F79EFBC}") = "Program_UI", "Program_UI\Program_UI.csproj", "{ED12B672-1002-4DA2-96D2-D410C9396137}"
EndProject
Project("{FAE04EC0-301F-11D3-BF4B-00C04F79EFBC}") = "Clases", "Clases\Clases.csproj", "{887A42B0-8248-4368-A56F-F31B766E7C99}"
EndProject
Global
	GlobalSection(SolutionConfigurationPlatforms) = preSolution
		Debug|Any CPU = Debug|Any CPU
		Release|Any CPU = Release|Any CPU
	EndGlobalSection
	GlobalSection(ProjectConfigurationPlatforms) = postSolution
		{ED12B672-1002-4DA2-96D2-D410C9396137}.Debug|Any CPU.ActiveCfg = Debug|Any CPU
		{ED12B672-1002-4DA2-96D2-D410C9396137}.Debug|Any CPU.Build.0 = Debug|Any CPU
		{ED12B672-1002-4DA2-96D2-D410C9396137}.Release|Any CPU.ActiveCfg = Release|Any CPU
		{ED12B672-1002-4DA2-96D2-D410C9396137}.Release|Any CPU.Build.0 = Release|Any CPU
		{887A42B0-8248-4368-A56F-F31B766E7C99}.Debug|Any CPU.ActiveCfg = Debug|Any CPU
		{887A42B0-8248-4368-A56F-F31B766E7C99}.Debug|Any CPU.Build.0 = Debug|Any CPU
		{887A42B0-8248-4368-A56F-F31B766E7C99}.Release|Any CPU.ActiveCfg = Release|Any CPU
		{887A42B0-8248-4368-A56F-F31B766E7C99}.Release|Any CPU.Build.0 = Release|Any CPU
	EndGlobalSection
	GlobalSection(SolutionProperties) = preSolution
		HideSolutionNode = FALSE
	EndGlobalSection
	GlobalSection(ExtensibilityGlobals) = postSolution
		SolutionGuid = {FE9BDEAD-C895-4312-BED0-389AD5D2CF3D}
	EndGlobalSection
EndGlobal
